<?xml version="1.0" encoding="utf-8"?>
<Project ToolsVersion="16.0" xmlns="http://schemas.microsoft.com/developer/msbuild/2003">
  <ItemGroup>
    <CustomBuild Include="D:\Projects\WinBuilds\googletest\build_msvc16_win64\CMakeFiles\fef2f85d7c2351b6e3d2e9990afa1ebb\INSTALL_force.rule">
      <Filter>CMake Rules</Filter>
    </CustomBuild>
  </ItemGroup>
  <ItemGroup>
    <Filter Include="CMake Rules">
      <UniqueIdentifier>{EC4AD3C6-9DD4-3A44-82A3-0C72292DCC65}</UniqueIdentifier>
    </Filter>
  </ItemGroup>
</Project>
