
Microsoft Visual Studio Solution File, Format Version 12.00
# Visual Studio Version 16
VisualStudioVersion = 16.0.32630.194
MinimumVisualStudioVersion = 10.0.40219.1
Project("{8BC9CEB8-8B4A-11D0-8D11-00A0C91BC942}") = "gtest", "gtest\gtest.vcxproj", "{E1F32BBA-8DDF-4A23-83F9-8E479529378D}"
EndProject
Project("{8BC9CEB8-8B4A-11D0-8D11-00A0C91BC942}") = "gtest_main", "gtest_main\gtest_main.vcxproj", "{E528F665-AEB0-441D-857D-34E527CA645E}"
	ProjectSection(ProjectDependencies) = postProject
		{E1F32BBA-8DDF-4A23-83F9-8E479529378D} = {E1F32BBA-8DDF-4A23-83F9-8E479529378D}
	EndProjectSection
EndProject
Project("{8BC9CEB8-8B4A-11D0-8D11-00A0C91BC942}") = "gmock", "gmock\gmock.vcxproj", "{A6378EB0-7D63-4B8B-9A93-531CA503E218}"
	ProjectSection(ProjectDependencies) = postProject
		{E1F32BBA-8DDF-4A23-83F9-8E479529378D} = {E1F32BBA-8DDF-4A23-83F9-8E479529378D}
	EndProjectSection
EndProject
Project("{8BC9CEB8-8B4A-11D0-8D11-00A0C91BC942}") = "gmock_main", "gmock_main\gmock_main.vcxproj", "{3D10BF9E-B684-4512-9F70-1C88B51A3CE3}"
	ProjectSection(ProjectDependencies) = postProject
		{E528F665-AEB0-441D-857D-34E527CA645E} = {E528F665-AEB0-441D-857D-34E527CA645E}
		{A6378EB0-7D63-4B8B-9A93-531CA503E218} = {A6378EB0-7D63-4B8B-9A93-531CA503E218}
	EndProjectSection
EndProject
Global
	GlobalSection(SolutionConfigurationPlatforms) = preSolution
		Debug|x64 = Debug|x64
		Debug|x86 = Debug|x86
		Release|x64 = Release|x64
		Release|x86 = Release|x86
	EndGlobalSection
	GlobalSection(ProjectConfigurationPlatforms) = postSolution
		{E1F32BBA-8DDF-4A23-83F9-8E479529378D}.Debug|x64.ActiveCfg = Debug|x64
		{E1F32BBA-8DDF-4A23-83F9-8E479529378D}.Debug|x64.Build.0 = Debug|x64
		{E1F32BBA-8DDF-4A23-83F9-8E479529378D}.Debug|x86.ActiveCfg = Debug|Win32
		{E1F32BBA-8DDF-4A23-83F9-8E479529378D}.Debug|x86.Build.0 = Debug|Win32
		{E1F32BBA-8DDF-4A23-83F9-8E479529378D}.Release|x64.ActiveCfg = Release|x64
		{E1F32BBA-8DDF-4A23-83F9-8E479529378D}.Release|x64.Build.0 = Release|x64
		{E1F32BBA-8DDF-4A23-83F9-8E479529378D}.Release|x86.ActiveCfg = Release|Win32
		{E1F32BBA-8DDF-4A23-83F9-8E479529378D}.Release|x86.Build.0 = Release|Win32
		{E528F665-AEB0-441D-857D-34E527CA645E}.Debug|x64.ActiveCfg = Debug|x64
		{E528F665-AEB0-441D-857D-34E527CA645E}.Debug|x64.Build.0 = Debug|x64
		{E528F665-AEB0-441D-857D-34E527CA645E}.Debug|x86.ActiveCfg = Debug|Win32
		{E528F665-AEB0-441D-857D-34E527CA645E}.Debug|x86.Build.0 = Debug|Win32
		{E528F665-AEB0-441D-857D-34E527CA645E}.Release|x64.ActiveCfg = Release|x64
		{E528F665-AEB0-441D-857D-34E527CA645E}.Release|x64.Build.0 = Release|x64
		{E528F665-AEB0-441D-857D-34E527CA645E}.Release|x86.ActiveCfg = Release|Win32
		{E528F665-AEB0-441D-857D-34E527CA645E}.Release|x86.Build.0 = Release|Win32
		{A6378EB0-7D63-4B8B-9A93-531CA503E218}.Debug|x64.ActiveCfg = Debug|x64
		{A6378EB0-7D63-4B8B-9A93-531CA503E218}.Debug|x64.Build.0 = Debug|x64
		{A6378EB0-7D63-4B8B-9A93-531CA503E218}.Debug|x86.ActiveCfg = Debug|Win32
		{A6378EB0-7D63-4B8B-9A93-531CA503E218}.Debug|x86.Build.0 = Debug|Win32
		{A6378EB0-7D63-4B8B-9A93-531CA503E218}.Release|x64.ActiveCfg = Release|x64
		{A6378EB0-7D63-4B8B-9A93-531CA503E218}.Release|x64.Build.0 = Release|x64
		{A6378EB0-7D63-4B8B-9A93-531CA503E218}.Release|x86.ActiveCfg = Release|Win32
		{A6378EB0-7D63-4B8B-9A93-531CA503E218}.Release|x86.Build.0 = Release|Win32
		{3D10BF9E-B684-4512-9F70-1C88B51A3CE3}.Debug|x64.ActiveCfg = Debug|x64
		{3D10BF9E-B684-4512-9F70-1C88B51A3CE3}.Debug|x64.Build.0 = Debug|x64
		{3D10BF9E-B684-4512-9F70-1C88B51A3CE3}.Debug|x86.ActiveCfg = Debug|Win32
		{3D10BF9E-B684-4512-9F70-1C88B51A3CE3}.Debug|x86.Build.0 = Debug|Win32
		{3D10BF9E-B684-4512-9F70-1C88B51A3CE3}.Release|x64.ActiveCfg = Release|x64
		{3D10BF9E-B684-4512-9F70-1C88B51A3CE3}.Release|x64.Build.0 = Release|x64
		{3D10BF9E-B684-4512-9F70-1C88B51A3CE3}.Release|x86.ActiveCfg = Release|Win32
		{3D10BF9E-B684-4512-9F70-1C88B51A3CE3}.Release|x86.Build.0 = Release|Win32
	EndGlobalSection
	GlobalSection(SolutionProperties) = preSolution
		HideSolutionNode = FALSE
	EndGlobalSection
	GlobalSection(ExtensibilityGlobals) = postSolution
		SolutionGuid = {4A67F354-599C-43D2-84BE-39BD02554393}
	EndGlobalSection
EndGlobal
