
Microsoft Visual Studio Solution File, Format Version 12.00
# Visual Studio Version 16
Project("{8BC9CEB8-8B4A-11D0-8D11-00A0C91BC942}") = "ALL_BUILD", "ALL_BUILD.vcxproj", "{120F1282-337D-3A84-BA39-F12F5FB70190}"
	ProjectSection(ProjectDependencies) = postProject
		{75579918-1957-3926-8E89-72121FAA169A} = {75579918-1957-3926-8E89-72121FAA169A}
		{9AFB0D92-6180-366F-B08E-817A1C368F66} = {9AFB0D92-6180-366F-B08E-817A1C368F66}
		{697D0E90-C0FD-3AE9-9EE3-14CC5F6D0798} = {697D0E90-C0FD-3AE9-9EE3-14CC5F6D0798}
		{34E6F99F-E9EE-3B89-9DFA-7575989DC738} = {34E6F99F-E9EE-3B89-9DFA-7575989DC738}
		{C1573E32-E621-316E-A2FD-BC40D306837F} = {C1573E32-E621-316E-A2FD-BC40D306837F}
	EndProjectSection
EndProject
Project("{8BC9CEB8-8B4A-11D0-8D11-00A0C91BC942}") = "INSTALL", "INSTALL.vcxproj", "{56C1AD53-3387-3375-AA27-671D23B6F0DD}"
	ProjectSection(ProjectDependencies) = postProject
		{120F1282-337D-3A84-BA39-F12F5FB70190} = {120F1282-337D-3A84-BA39-F12F5FB70190}
		{75579918-1957-3926-8E89-72121FAA169A} = {75579918-1957-3926-8E89-72121FAA169A}
	EndProjectSection
EndProject
Project("{8BC9CEB8-8B4A-11D0-8D11-00A0C91BC942}") = "RUN_TESTS", "RUN_TESTS.vcxproj", "{1D142F72-385A-32A3-A9A9-6C6F117705F5}"
	ProjectSection(ProjectDependencies) = postProject
		{75579918-1957-3926-8E89-72121FAA169A} = {75579918-1957-3926-8E89-72121FAA169A}
	EndProjectSection
EndProject
Project("{8BC9CEB8-8B4A-11D0-8D11-00A0C91BC942}") = "ZERO_CHECK", "ZERO_CHECK.vcxproj", "{75579918-1957-3926-8E89-72121FAA169A}"
	ProjectSection(ProjectDependencies) = postProject
	EndProjectSection
EndProject
Project("{8BC9CEB8-8B4A-11D0-8D11-00A0C91BC942}") = "gmock", "googlemock\gmock.vcxproj", "{9AFB0D92-6180-366F-B08E-817A1C368F66}"
	ProjectSection(ProjectDependencies) = postProject
		{75579918-1957-3926-8E89-72121FAA169A} = {75579918-1957-3926-8E89-72121FAA169A}
	EndProjectSection
EndProject
Project("{8BC9CEB8-8B4A-11D0-8D11-00A0C91BC942}") = "gmock_main", "googlemock\gmock_main.vcxproj", "{697D0E90-C0FD-3AE9-9EE3-14CC5F6D0798}"
	ProjectSection(ProjectDependencies) = postProject
		{75579918-1957-3926-8E89-72121FAA169A} = {75579918-1957-3926-8E89-72121FAA169A}
	EndProjectSection
EndProject
Project("{8BC9CEB8-8B4A-11D0-8D11-00A0C91BC942}") = "gtest", "googletest\gtest.vcxproj", "{34E6F99F-E9EE-3B89-9DFA-7575989DC738}"
	ProjectSection(ProjectDependencies) = postProject
		{75579918-1957-3926-8E89-72121FAA169A} = {75579918-1957-3926-8E89-72121FAA169A}
	EndProjectSection
EndProject
Project("{8BC9CEB8-8B4A-11D0-8D11-00A0C91BC942}") = "gtest_main", "googletest\gtest_main.vcxproj", "{C1573E32-E621-316E-A2FD-BC40D306837F}"
	ProjectSection(ProjectDependencies) = postProject
		{75579918-1957-3926-8E89-72121FAA169A} = {75579918-1957-3926-8E89-72121FAA169A}
		{34E6F99F-E9EE-3B89-9DFA-7575989DC738} = {34E6F99F-E9EE-3B89-9DFA-7575989DC738}
	EndProjectSection
EndProject
Global
	GlobalSection(SolutionConfigurationPlatforms) = preSolution
		Debug|x64 = Debug|x64
		Release|x64 = Release|x64
		MinSizeRel|x64 = MinSizeRel|x64
		RelWithDebInfo|x64 = RelWithDebInfo|x64
	EndGlobalSection
	GlobalSection(ProjectConfigurationPlatforms) = postSolution
		{120F1282-337D-3A84-BA39-F12F5FB70190}.Debug|x64.ActiveCfg = Debug|x64
		{120F1282-337D-3A84-BA39-F12F5FB70190}.Debug|x64.Build.0 = Debug|x64
		{120F1282-337D-3A84-BA39-F12F5FB70190}.Release|x64.ActiveCfg = Release|x64
		{120F1282-337D-3A84-BA39-F12F5FB70190}.Release|x64.Build.0 = Release|x64
		{120F1282-337D-3A84-BA39-F12F5FB70190}.MinSizeRel|x64.ActiveCfg = MinSizeRel|x64
		{120F1282-337D-3A84-BA39-F12F5FB70190}.MinSizeRel|x64.Build.0 = MinSizeRel|x64
		{120F1282-337D-3A84-BA39-F12F5FB70190}.RelWithDebInfo|x64.ActiveCfg = RelWithDebInfo|x64
		{120F1282-337D-3A84-BA39-F12F5FB70190}.RelWithDebInfo|x64.Build.0 = RelWithDebInfo|x64
		{56C1AD53-3387-3375-AA27-671D23B6F0DD}.Debug|x64.ActiveCfg = Debug|x64
		{56C1AD53-3387-3375-AA27-671D23B6F0DD}.Release|x64.ActiveCfg = Release|x64
		{56C1AD53-3387-3375-AA27-671D23B6F0DD}.MinSizeRel|x64.ActiveCfg = MinSizeRel|x64
		{56C1AD53-3387-3375-AA27-671D23B6F0DD}.RelWithDebInfo|x64.ActiveCfg = RelWithDebInfo|x64
		{1D142F72-385A-32A3-A9A9-6C6F117705F5}.Debug|x64.ActiveCfg = Debug|x64
		{1D142F72-385A-32A3-A9A9-6C6F117705F5}.Release|x64.ActiveCfg = Release|x64
		{1D142F72-385A-32A3-A9A9-6C6F117705F5}.MinSizeRel|x64.ActiveCfg = MinSizeRel|x64
		{1D142F72-385A-32A3-A9A9-6C6F117705F5}.RelWithDebInfo|x64.ActiveCfg = RelWithDebInfo|x64
		{75579918-1957-3926-8E89-72121FAA169A}.Debug|x64.ActiveCfg = Debug|x64
		{75579918-1957-3926-8E89-72121FAA169A}.Debug|x64.Build.0 = Debug|x64
		{75579918-1957-3926-8E89-72121FAA169A}.Release|x64.ActiveCfg = Release|x64
		{75579918-1957-3926-8E89-72121FAA169A}.Release|x64.Build.0 = Release|x64
		{75579918-1957-3926-8E89-72121FAA169A}.MinSizeRel|x64.ActiveCfg = MinSizeRel|x64
		{75579918-1957-3926-8E89-72121FAA169A}.MinSizeRel|x64.Build.0 = MinSizeRel|x64
		{75579918-1957-3926-8E89-72121FAA169A}.RelWithDebInfo|x64.ActiveCfg = RelWithDebInfo|x64
		{75579918-1957-3926-8E89-72121FAA169A}.RelWithDebInfo|x64.Build.0 = RelWithDebInfo|x64
		{9AFB0D92-6180-366F-B08E-817A1C368F66}.Debug|x64.ActiveCfg = Debug|x64
		{9AFB0D92-6180-366F-B08E-817A1C368F66}.Debug|x64.Build.0 = Debug|x64
		{9AFB0D92-6180-366F-B08E-817A1C368F66}.Release|x64.ActiveCfg = Release|x64
		{9AFB0D92-6180-366F-B08E-817A1C368F66}.Release|x64.Build.0 = Release|x64
		{9AFB0D92-6180-366F-B08E-817A1C368F66}.MinSizeRel|x64.ActiveCfg = MinSizeRel|x64
		{9AFB0D92-6180-366F-B08E-817A1C368F66}.MinSizeRel|x64.Build.0 = MinSizeRel|x64
		{9AFB0D92-6180-366F-B08E-817A1C368F66}.RelWithDebInfo|x64.ActiveCfg = RelWithDebInfo|x64
		{9AFB0D92-6180-366F-B08E-817A1C368F66}.RelWithDebInfo|x64.Build.0 = RelWithDebInfo|x64
		{697D0E90-C0FD-3AE9-9EE3-14CC5F6D0798}.Debug|x64.ActiveCfg = Debug|x64
		{697D0E90-C0FD-3AE9-9EE3-14CC5F6D0798}.Debug|x64.Build.0 = Debug|x64
		{697D0E90-C0FD-3AE9-9EE3-14CC5F6D0798}.Release|x64.ActiveCfg = Release|x64
		{697D0E90-C0FD-3AE9-9EE3-14CC5F6D0798}.Release|x64.Build.0 = Release|x64
		{697D0E90-C0FD-3AE9-9EE3-14CC5F6D0798}.MinSizeRel|x64.ActiveCfg = MinSizeRel|x64
		{697D0E90-C0FD-3AE9-9EE3-14CC5F6D0798}.MinSizeRel|x64.Build.0 = MinSizeRel|x64
		{697D0E90-C0FD-3AE9-9EE3-14CC5F6D0798}.RelWithDebInfo|x64.ActiveCfg = RelWithDebInfo|x64
		{697D0E90-C0FD-3AE9-9EE3-14CC5F6D0798}.RelWithDebInfo|x64.Build.0 = RelWithDebInfo|x64
		{34E6F99F-E9EE-3B89-9DFA-7575989DC738}.Debug|x64.ActiveCfg = Debug|x64
		{34E6F99F-E9EE-3B89-9DFA-7575989DC738}.Debug|x64.Build.0 = Debug|x64
		{34E6F99F-E9EE-3B89-9DFA-7575989DC738}.Release|x64.ActiveCfg = Release|x64
		{34E6F99F-E9EE-3B89-9DFA-7575989DC738}.Release|x64.Build.0 = Release|x64
		{34E6F99F-E9EE-3B89-9DFA-7575989DC738}.MinSizeRel|x64.ActiveCfg = MinSizeRel|x64
		{34E6F99F-E9EE-3B89-9DFA-7575989DC738}.MinSizeRel|x64.Build.0 = MinSizeRel|x64
		{34E6F99F-E9EE-3B89-9DFA-7575989DC738}.RelWithDebInfo|x64.ActiveCfg = RelWithDebInfo|x64
		{34E6F99F-E9EE-3B89-9DFA-7575989DC738}.RelWithDebInfo|x64.Build.0 = RelWithDebInfo|x64
		{C1573E32-E621-316E-A2FD-BC40D306837F}.Debug|x64.ActiveCfg = Debug|x64
		{C1573E32-E621-316E-A2FD-BC40D306837F}.Debug|x64.Build.0 = Debug|x64
		{C1573E32-E621-316E-A2FD-BC40D306837F}.Release|x64.ActiveCfg = Release|x64
		{C1573E32-E621-316E-A2FD-BC40D306837F}.Release|x64.Build.0 = Release|x64
		{C1573E32-E621-316E-A2FD-BC40D306837F}.MinSizeRel|x64.ActiveCfg = MinSizeRel|x64
		{C1573E32-E621-316E-A2FD-BC40D306837F}.MinSizeRel|x64.Build.0 = MinSizeRel|x64
		{C1573E32-E621-316E-A2FD-BC40D306837F}.RelWithDebInfo|x64.ActiveCfg = RelWithDebInfo|x64
		{C1573E32-E621-316E-A2FD-BC40D306837F}.RelWithDebInfo|x64.Build.0 = RelWithDebInfo|x64
	EndGlobalSection
	GlobalSection(ExtensibilityGlobals) = postSolution
		SolutionGuid = {894EA168-02D1-38C2-A22C-B02BCF4DF445}
	EndGlobalSection
	GlobalSection(ExtensibilityAddIns) = postSolution
	EndGlobalSection
EndGlobal
